
Microsoft Visual Studio Solution File, Format Version 12.00
# Visual Studio Version 16
VisualStudioVersion = 16.0.29009.5
MinimumVisualStudioVersion = 10.0.40219.1
Project("{FAE04EC0-301F-11D3-BF4B-00C04F79EFBC}") = "quizstart", "quizstart\quizstart.csproj", "{DC993409-9675-489E-BB8C-EE309026B4EF}"
EndProject
Global
	GlobalSection(SolutionConfigurationPlatforms) = preSolution
		Debug|Any CPU = Debug|Any CPU
		Release|Any CPU = Release|Any CPU
	EndGlobalSection
	GlobalSection(ProjectConfigurationPlatforms) = postSolution
		{DC993409-9675-489E-BB8C-EE309026B4EF}.Debug|Any CPU.ActiveCfg = Debug|Any CPU
		{DC993409-9675-489E-BB8C-EE309026B4EF}.Debug|Any CPU.Build.0 = Debug|Any CPU
		{DC993409-9675-489E-BB8C-EE309026B4EF}.Release|Any CPU.ActiveCfg = Release|Any CPU
		{DC993409-9675-489E-BB8C-EE309026B4EF}.Release|Any CPU.Build.0 = Release|Any CPU
	EndGlobalSection
	GlobalSection(SolutionProperties) = preSolution
		HideSolutionNode = FALSE
	EndGlobalSection
	GlobalSection(ExtensibilityGlobals) = postSolution
		SolutionGuid = {1D1550C7-BA53-4942-97FC-BF969D3572C6}
	EndGlobalSection
EndGlobal
